
Microsoft Visual Studio Solution File, Format Version 12.00
# Visual Studio Version 17
VisualStudioVersion = 17.10.35122.118
MinimumVisualStudioVersion = 10.0.40219.1
Project("{FAE04EC0-301F-11D3-BF4B-00C04F79EFBC}") = "Yazlab1(YemekTarifRehber)", "Yazlab1(YemekTarifRehber)\Yazlab1(YemekTarifRehber).csproj", "{DC85D072-7427-41A0-AA2C-416B8AFDABEA}"
EndProject
Global
	GlobalSection(SolutionConfigurationPlatforms) = preSolution
		Debug|Any CPU = Debug|Any CPU
		Release|Any CPU = Release|Any CPU
	EndGlobalSection
	GlobalSection(ProjectConfigurationPlatforms) = postSolution
		{DC85D072-7427-41A0-AA2C-416B8AFDABEA}.Debug|Any CPU.ActiveCfg = Debug|Any CPU
		{DC85D072-7427-41A0-AA2C-416B8AFDABEA}.Debug|Any CPU.Build.0 = Debug|Any CPU
		{DC85D072-7427-41A0-AA2C-416B8AFDABEA}.Release|Any CPU.ActiveCfg = Release|Any CPU
		{DC85D072-7427-41A0-AA2C-416B8AFDABEA}.Release|Any CPU.Build.0 = Release|Any CPU
	EndGlobalSection
	GlobalSection(SolutionProperties) = preSolution
		HideSolutionNode = FALSE
	EndGlobalSection
	GlobalSection(ExtensibilityGlobals) = postSolution
		SolutionGuid = {D28FF377-1373-4789-BC18-C72A70CFD93B}
	EndGlobalSection
EndGlobal
